
Microsoft Visual Studio Solution File, Format Version 12.00
# Visual Studio 15
Project("{FAE04EC0-301F-11D3-BF4B-00C04F79EFBC}") = "Assembly-CSharp", "Assembly-CSharp.csproj", "{47932FA7-A339-6CC8-0701-99F04C8279C8}"
EndProject
Project("{FAE04EC0-301F-11D3-BF4B-00C04F79EFBC}") = "Assembly-CSharp-Editor", "Assembly-CSharp-Editor.csproj", "{B0DB6AB3-0795-753B-40C1-9D6479B15085}"
EndProject
Global
	GlobalSection(SolutionConfigurationPlatforms) = preSolution
		Debug|Any CPU = Debug|Any CPU
		Release|Any CPU = Release|Any CPU
	EndGlobalSection
	GlobalSection(ProjectConfigurationPlatforms) = postSolution
		{47932FA7-A339-6CC8-0701-99F04C8279C8}.Debug|Any CPU.ActiveCfg = Debug|Any CPU
		{47932FA7-A339-6CC8-0701-99F04C8279C8}.Debug|Any CPU.Build.0 = Debug|Any CPU
		{47932FA7-A339-6CC8-0701-99F04C8279C8}.Release|Any CPU.ActiveCfg = Release|Any CPU
		{47932FA7-A339-6CC8-0701-99F04C8279C8}.Release|Any CPU.Build.0 = Release|Any CPU
		{B0DB6AB3-0795-753B-40C1-9D6479B15085}.Debug|Any CPU.ActiveCfg = Debug|Any CPU
		{B0DB6AB3-0795-753B-40C1-9D6479B15085}.Debug|Any CPU.Build.0 = Debug|Any CPU
		{B0DB6AB3-0795-753B-40C1-9D6479B15085}.Release|Any CPU.ActiveCfg = Release|Any CPU
		{B0DB6AB3-0795-753B-40C1-9D6479B15085}.Release|Any CPU.Build.0 = Release|Any CPU
	EndGlobalSection
	GlobalSection(SolutionProperties) = preSolution
		HideSolutionNode = FALSE
	EndGlobalSection
EndGlobal
